// !$*UTF8*$!
{
	archiveVersion = 1;
	classes = {
	};
	objectVersion = 50;
	objects = {

/* Begin PBXBuildFile section */
		A52C556325E02CA0008822B1 /* Horizon.aif in Resources */ = {isa = PBXBuildFile; fileRef = A52C556125E02CA0008822B1 /* Horizon.aif */; };
		A52C556425E02CA0008822B1 /* Glitch Drum Loop.aif in Resources */ = {isa = PBXBuildFile; fileRef = A52C556225E02CA0008822B1 /* Glitch Drum Loop.aif */; };
		A52C556A25E02CAF008822B1 /* LICENSE in Resources */ = {isa = PBXBuildFile; fileRef = A52C556625E02CAE008822B1 /* LICENSE */; };
		A52C556B25E02CAF008822B1 /* Nihilore - Aberration.mp3 in Resources */ = {isa = PBXBuildFile; fileRef = A52C556725E02CAE008822B1 /* Nihilore - Aberration.mp3 */; };
		A52C556C25E02CAF008822B1 /* Nihilore - Motion Blur.mp3 in Resources */ = {isa = PBXBuildFile; fileRef = A52C556825E02CAE008822B1 /* Nihilore - Motion Blur.mp3 */; };
		A52C556D25E02CAF008822B1 /* Nihilore - The Other Side.mp3 in Resources */ = {isa = PBXBuildFile; fileRef = A52C556925E02CAF008822B1 /* Nihilore - The Other Side.mp3 */; };
		A52C557025E02D95008822B1 /* AudioResources.swift in Sources */ = {isa = PBXBuildFile; fileRef = A52C556F25E02D95008822B1 /* AudioResources.swift */; };
		A52C557525E02F12008822B1 /* WaveformData.swift in Sources */ = {isa = PBXBuildFile; fileRef = A52C557425E02F12008822B1 /* WaveformData.swift */; };
		A52C557825E03D2F008822B1 /* SizeKey.swift in Sources */ = {isa = PBXBuildFile; fileRef = A52C557725E03D2F008822B1 /* SizeKey.swift */; };
		A52C558225E068E0008822B1 /* WaveformRenderer.swift in Sources */ = {isa = PBXBuildFile; fileRef = A52C558125E068E0008822B1 /* WaveformRenderer.swift */; };
		A597F64A25E1740D00AAB332 /* WaveformAudio.swift in Sources */ = {isa = PBXBuildFile; fileRef = A597F64925E1740D00AAB332 /* WaveformAudio.swift */; };
		A5AD696625E025DA000B0627 /* WaveformDemoApp.swift in Sources */ = {isa = PBXBuildFile; fileRef = A5AD696525E025DA000B0627 /* WaveformDemoApp.swift */; };
		A5AD696825E025DA000B0627 /* ContentView.swift in Sources */ = {isa = PBXBuildFile; fileRef = A5AD696725E025DA000B0627 /* ContentView.swift */; };
		A5AD696A25E025DB000B0627 /* Assets.xcassets in Resources */ = {isa = PBXBuildFile; fileRef = A5AD696925E025DB000B0627 /* Assets.xcassets */; };
		A5AD696D25E025DB000B0627 /* Preview Assets.xcassets in Resources */ = {isa = PBXBuildFile; fileRef = A5AD696C25E025DB000B0627 /* Preview Assets.xcassets */; };
		A5AD698325E02986000B0627 /* Waveform.swift in Sources */ = {isa = PBXBuildFile; fileRef = A5AD698225E02986000B0627 /* Waveform.swift */; };
		A5C7DB9D25E130EB007AFF32 /* GenerateWaveformTask.swift in Sources */ = {isa = PBXBuildFile; fileRef = A5C7DB9C25E130EB007AFF32 /* GenerateWaveformTask.swift */; };
/* End PBXBuildFile section */

/* Begin PBXFileReference section */
		A52C556125E02CA0008822B1 /* Horizon.aif */ = {isa = PBXFileReference; lastKnownFileType = file; path = Horizon.aif; sourceTree = "<group>"; };
		A52C556225E02CA0008822B1 /* Glitch Drum Loop.aif */ = {isa = PBXFileReference; lastKnownFileType = file; path = "Glitch Drum Loop.aif"; sourceTree = "<group>"; };
		A52C556625E02CAE008822B1 /* LICENSE */ = {isa = PBXFileReference; fileEncoding = 4; lastKnownFileType = text; path = LICENSE; sourceTree = "<group>"; };
		A52C556725E02CAE008822B1 /* Nihilore - Aberration.mp3 */ = {isa = PBXFileReference; lastKnownFileType = audio.mp3; path = "Nihilore - Aberration.mp3"; sourceTree = "<group>"; };
		A52C556825E02CAE008822B1 /* Nihilore - Motion Blur.mp3 */ = {isa = PBXFileReference; lastKnownFileType = audio.mp3; path = "Nihilore - Motion Blur.mp3"; sourceTree = "<group>"; };
		A52C556925E02CAF008822B1 /* Nihilore - The Other Side.mp3 */ = {isa = PBXFileReference; lastKnownFileType = audio.mp3; path = "Nihilore - The Other Side.mp3"; sourceTree = "<group>"; };
		A52C556F25E02D95008822B1 /* AudioResources.swift */ = {isa = PBXFileReference; lastKnownFileType = sourcecode.swift; path = AudioResources.swift; sourceTree = "<group>"; };
		A52C557425E02F12008822B1 /* WaveformData.swift */ = {isa = PBXFileReference; lastKnownFileType = sourcecode.swift; path = WaveformData.swift; sourceTree = "<group>"; };
		A52C557725E03D2F008822B1 /* SizeKey.swift */ = {isa = PBXFileReference; lastKnownFileType = sourcecode.swift; path = SizeKey.swift; sourceTree = "<group>"; };
		A52C558125E068E0008822B1 /* WaveformRenderer.swift */ = {isa = PBXFileReference; lastKnownFileType = sourcecode.swift; path = WaveformRenderer.swift; sourceTree = "<group>"; };
		A597F64925E1740D00AAB332 /* WaveformAudio.swift */ = {isa = PBXFileReference; lastKnownFileType = sourcecode.swift; path = WaveformAudio.swift; sourceTree = "<group>"; };
		A597F64F25E1796D00AAB332 /* WaveformDemo.entitlements */ = {isa = PBXFileReference; lastKnownFileType = text.plist.entitlements; path = WaveformDemo.entitlements; sourceTree = "<group>"; };
		A5AD696225E025DA000B0627 /* WaveformDemo.app */ = {isa = PBXFileReference; explicitFileType = wrapper.application; includeInIndex = 0; path = WaveformDemo.app; sourceTree = BUILT_PRODUCTS_DIR; };
		A5AD696525E025DA000B0627 /* WaveformDemoApp.swift */ = {isa = PBXFileReference; lastKnownFileType = sourcecode.swift; path = WaveformDemoApp.swift; sourceTree = "<group>"; };
		A5AD696725E025DA000B0627 /* ContentView.swift */ = {isa = PBXFileReference; lastKnownFileType = sourcecode.swift; path = ContentView.swift; sourceTree = "<group>"; };
		A5AD696925E025DB000B0627 /* Assets.xcassets */ = {isa = PBXFileReference; lastKnownFileType = folder.assetcatalog; path = Assets.xcassets; sourceTree = "<group>"; };
		A5AD696C25E025DB000B0627 /* Preview Assets.xcassets */ = {isa = PBXFileReference; lastKnownFileType = folder.assetcatalog; path = "Preview Assets.xcassets"; sourceTree = "<group>"; };
		A5AD696E25E025DB000B0627 /* Info.plist */ = {isa = PBXFileReference; lastKnownFileType = text.plist.xml; path = Info.plist; sourceTree = "<group>"; };
		A5AD698225E02986000B0627 /* Waveform.swift */ = {isa = PBXFileReference; fileEncoding = 4; lastKnownFileType = sourcecode.swift; path = Waveform.swift; sourceTree = "<group>"; };
		A5C7DB9C25E130EB007AFF32 /* GenerateWaveformTask.swift */ = {isa = PBXFileReference; lastKnownFileType = sourcecode.swift; path = GenerateWaveformTask.swift; sourceTree = "<group>"; };
/* End PBXFileReference section */

/* Begin PBXFrameworksBuildPhase section */
		A5AD695F25E025DA000B0627 /* Frameworks */ = {
			isa = PBXFrameworksBuildPhase;
			buildActionMask = 2147483647;
			files = (
			);
			runOnlyForDeploymentPostprocessing = 0;
		};
/* End PBXFrameworksBuildPhase section */

/* Begin PBXGroup section */
		A52C555F25E02C7C008822B1 /* Music */ = {
			isa = PBXGroup;
			children = (
				A52C556625E02CAE008822B1 /* LICENSE */,
				A52C556725E02CAE008822B1 /* Nihilore - Aberration.mp3 */,
				A52C556825E02CAE008822B1 /* Nihilore - Motion Blur.mp3 */,
				A52C556925E02CAF008822B1 /* Nihilore - The Other Side.mp3 */,
			);
			path = Music;
			sourceTree = "<group>";
		};
		A52C556025E02C86008822B1 /* Clips */ = {
			isa = PBXGroup;
			children = (
				A52C556225E02CA0008822B1 /* Glitch Drum Loop.aif */,
				A52C556125E02CA0008822B1 /* Horizon.aif */,
			);
			path = Clips;
			sourceTree = "<group>";
		};
		A5AD695925E025DA000B0627 = {
			isa = PBXGroup;
			children = (
				A5AD696425E025DA000B0627 /* Sources */,
				A5AD697625E0260C000B0627 /* Resources */,
				A5AD697B25E0272F000B0627 /* Frameworks */,
				A5AD696325E025DA000B0627 /* Products */,
			);
			sourceTree = "<group>";
		};
		A5AD696325E025DA000B0627 /* Products */ = {
			isa = PBXGroup;
			children = (
				A5AD696225E025DA000B0627 /* WaveformDemo.app */,
			);
			name = Products;
			sourceTree = "<group>";
		};
		A5AD696425E025DA000B0627 /* Sources */ = {
			isa = PBXGroup;
			children = (
				A5AD698025E0295F000B0627 /* App */,
				A5AD698125E0296D000B0627 /* Waveform */,
			);
			path = Sources;
			sourceTree = "<group>";
		};
		A5AD696B25E025DB000B0627 /* Preview Content */ = {
			isa = PBXGroup;
			children = (
				A5AD696C25E025DB000B0627 /* Preview Assets.xcassets */,
			);
			path = "Preview Content";
			sourceTree = "<group>";
		};
		A5AD697625E0260C000B0627 /* Resources */ = {
			isa = PBXGroup;
			children = (
				A52C556025E02C86008822B1 /* Clips */,
				A52C555F25E02C7C008822B1 /* Music */,
				A5AD696925E025DB000B0627 /* Assets.xcassets */,
				A5AD696E25E025DB000B0627 /* Info.plist */,
				A597F64F25E1796D00AAB332 /* WaveformDemo.entitlements */,
				A5AD696B25E025DB000B0627 /* Preview Content */,
			);
			path = Resources;
			sourceTree = "<group>";
		};
		A5AD697B25E0272F000B0627 /* Frameworks */ = {
			isa = PBXGroup;
			children = (
			);
			name = Frameworks;
			sourceTree = "<group>";
		};
		A5AD698025E0295F000B0627 /* App */ = {
			isa = PBXGroup;
			children = (
				A5AD696525E025DA000B0627 /* WaveformDemoApp.swift */,
				A5AD696725E025DA000B0627 /* ContentView.swift */,
				A52C556F25E02D95008822B1 /* AudioResources.swift */,
			);
			path = App;
			sourceTree = "<group>";
		};
		A5AD698125E0296D000B0627 /* Waveform */ = {
			isa = PBXGroup;
			children = (
				A5AD698225E02986000B0627 /* Waveform.swift */,
				A597F64925E1740D00AAB332 /* WaveformAudio.swift */,
				A5C7DB9C25E130EB007AFF32 /* GenerateWaveformTask.swift */,
				A52C557425E02F12008822B1 /* WaveformData.swift */,
				A52C558125E068E0008822B1 /* WaveformRenderer.swift */,
				A52C557725E03D2F008822B1 /* SizeKey.swift */,
			);
			path = Waveform;
			sourceTree = "<group>";
		};
/* End PBXGroup section */

/* Begin PBXNativeTarget section */
		A5AD696125E025DA000B0627 /* WaveformDemo */ = {
			isa = PBXNativeTarget;
			buildConfigurationList = A5AD697125E025DB000B0627 /* Build configuration list for PBXNativeTarget "WaveformDemo" */;
			buildPhases = (
				A5AD695E25E025DA000B0627 /* Sources */,
				A5AD695F25E025DA000B0627 /* Frameworks */,
				A5AD696025E025DA000B0627 /* Resources */,
			);
			buildRules = (
			);
			dependencies = (
			);
			name = WaveformDemo;
			packageProductDependencies = (
			);
			productName = WaveformDemo;
			productReference = A5AD696225E025DA000B0627 /* WaveformDemo.app */;
			productType = "com.apple.product-type.application";
		};
/* End PBXNativeTarget section */

/* Begin PBXProject section */
		A5AD695A25E025DA000B0627 /* Project object */ = {
			isa = PBXProject;
			attributes = {
				LastSwiftUpdateCheck = 1240;
				LastUpgradeCheck = 1240;
				TargetAttributes = {
					A5AD696125E025DA000B0627 = {
						CreatedOnToolsVersion = 12.4;
					};
				};
			};
			buildConfigurationList = A5AD695D25E025DA000B0627 /* Build configuration list for PBXProject "WaveformDemo" */;
			compatibilityVersion = "Xcode 9.3";
			developmentRegion = en;
			hasScannedForEncodings = 0;
			knownRegions = (
				en,
				Base,
			);
			mainGroup = A5AD695925E025DA000B0627;
			productRefGroup = A5AD696325E025DA000B0627 /* Products */;
			projectDirPath = "";
			projectRoot = "";
			targets = (
				A5AD696125E025DA000B0627 /* WaveformDemo */,
			);
		};
/* End PBXProject section */

/* Begin PBXResourcesBuildPhase section */
		A5AD696025E025DA000B0627 /* Resources */ = {
			isa = PBXResourcesBuildPhase;
			buildActionMask = 2147483647;
			files = (
				A5AD696D25E025DB000B0627 /* Preview Assets.xcassets in Resources */,
				A52C556325E02CA0008822B1 /* Horizon.aif in Resources */,
				A52C556D25E02CAF008822B1 /* Nihilore - The Other Side.mp3 in Resources */,
				A5AD696A25E025DB000B0627 /* Assets.xcassets in Resources */,
				A52C556C25E02CAF008822B1 /* Nihilore - Motion Blur.mp3 in Resources */,
				A52C556425E02CA0008822B1 /* Glitch Drum Loop.aif in Resources */,
				A52C556A25E02CAF008822B1 /* LICENSE in Resources */,
				A52C556B25E02CAF008822B1 /* Nihilore - Aberration.mp3 in Resources */,
			);
			runOnlyForDeploymentPostprocessing = 0;
		};
/* End PBXResourcesBuildPhase section */

/* Begin PBXSourcesBuildPhase section */
		A5AD695E25E025DA000B0627 /* Sources */ = {
			isa = PBXSourcesBuildPhase;
			buildActionMask = 2147483647;
			files = (
				A597F64A25E1740D00AAB332 /* WaveformAudio.swift in Sources */,
				A5C7DB9D25E130EB007AFF32 /* GenerateWaveformTask.swift in Sources */,
				A5AD696825E025DA000B0627 /* ContentView.swift in Sources */,
				A5AD696625E025DA000B0627 /* WaveformDemoApp.swift in Sources */,
				A52C558225E068E0008822B1 /* WaveformRenderer.swift in Sources */,
				A5AD698325E02986000B0627 /* Waveform.swift in Sources */,
				A52C557025E02D95008822B1 /* AudioResources.swift in Sources */,
				A52C557525E02F12008822B1 /* WaveformData.swift in Sources */,
				A52C557825E03D2F008822B1 /* SizeKey.swift in Sources */,
			);
			runOnlyForDeploymentPostprocessing = 0;
		};
/* End PBXSourcesBuildPhase section */

/* Begin XCBuildConfiguration section */
		A5AD696F25E025DB000B0627 /* Debug */ = {
			isa = XCBuildConfiguration;
			buildSettings = {
				ALWAYS_SEARCH_USER_PATHS = NO;
				CLANG_ANALYZER_NONNULL = YES;
				CLANG_ANALYZER_NUMBER_OBJECT_CONVERSION = YES_AGGRESSIVE;
				CLANG_CXX_LANGUAGE_STANDARD = "gnu++14";
				CLANG_CXX_LIBRARY = "libc++";
				CLANG_ENABLE_MODULES = YES;
				CLANG_ENABLE_OBJC_ARC = YES;
				CLANG_ENABLE_OBJC_WEAK = YES;
				CLANG_WARN_BLOCK_CAPTURE_AUTORELEASING = YES;
				CLANG_WARN_BOOL_CONVERSION = YES;
				CLANG_WARN_COMMA = YES;
				CLANG_WARN_CONSTANT_CONVERSION = YES;
				CLANG_WARN_DEPRECATED_OBJC_IMPLEMENTATIONS = YES;
				CLANG_WARN_DIRECT_OBJC_ISA_USAGE = YES_ERROR;
				CLANG_WARN_DOCUMENTATION_COMMENTS = YES;
				CLANG_WARN_EMPTY_BODY = YES;
				CLANG_WARN_ENUM_CONVERSION = YES;
				CLANG_WARN_INFINITE_RECURSION = YES;
				CLANG_WARN_INT_CONVERSION = YES;
				CLANG_WARN_NON_LITERAL_NULL_CONVERSION = YES;
				CLANG_WARN_OBJC_IMPLICIT_RETAIN_SELF = YES;
				CLANG_WARN_OBJC_LITERAL_CONVERSION = YES;
				CLANG_WARN_OBJC_ROOT_CLASS = YES_ERROR;
				CLANG_WARN_QUOTED_INCLUDE_IN_FRAMEWORK_HEADER = YES;
				CLANG_WARN_RANGE_LOOP_ANALYSIS = YES;
				CLANG_WARN_STRICT_PROTOTYPES = YES;
				CLANG_WARN_SUSPICIOUS_MOVE = YES;
				CLANG_WARN_UNGUARDED_AVAILABILITY = YES_AGGRESSIVE;
				CLANG_WARN_UNREACHABLE_CODE = YES;
				CLANG_WARN__DUPLICATE_METHOD_MATCH = YES;
				COPY_PHASE_STRIP = NO;
				DEBUG_INFORMATION_FORMAT = dwarf;
				ENABLE_STRICT_OBJC_MSGSEND = YES;
				ENABLE_TESTABILITY = YES;
				GCC_C_LANGUAGE_STANDARD = gnu11;
				GCC_DYNAMIC_NO_PIC = NO;
				GCC_NO_COMMON_BLOCKS = YES;
				GCC_OPTIMIZATION_LEVEL = 0;
				GCC_PREPROCESSOR_DEFINITIONS = (
					"DEBUG=1",
					"$(inherited)",
				);
				GCC_WARN_64_TO_32_BIT_CONVERSION = YES;
				GCC_WARN_ABOUT_RETURN_TYPE = YES_ERROR;
				GCC_WARN_UNDECLARED_SELECTOR = YES;
				GCC_WARN_UNINITIALIZED_AUTOS = YES_AGGRESSIVE;
				GCC_WARN_UNUSED_FUNCTION = YES;
				GCC_WARN_UNUSED_VARIABLE = YES;
				IPHONEOS_DEPLOYMENT_TARGET = 14.4;
				MTL_ENABLE_DEBUG_INFO = INCLUDE_SOURCE;
				MTL_FAST_MATH = YES;
				ONLY_ACTIVE_ARCH = YES;
				SDKROOT = iphoneos;
				SWIFT_ACTIVE_COMPILATION_CONDITIONS = DEBUG;
				SWIFT_OPTIMIZATION_LEVEL = "-Onone";
			};
			name = Debug;
		};
		A5AD697025E025DB000B0627 /* Release */ = {
			isa = XCBuildConfiguration;
			buildSettings = {
				ALWAYS_SEARCH_USER_PATHS = NO;
				CLANG_ANALYZER_NONNULL = YES;
				CLANG_ANALYZER_NUMBER_OBJECT_CONVERSION = YES_AGGRESSIVE;
				CLANG_CXX_LANGUAGE_STANDARD = "gnu++14";
				CLANG_CXX_LIBRARY = "libc++";
				CLANG_ENABLE_MODULES = YES;
				CLANG_ENABLE_OBJC_ARC = YES;
				CLANG_ENABLE_OBJC_WEAK = YES;
				CLANG_WARN_BLOCK_CAPTURE_AUTORELEASING = YES;
				CLANG_WARN_BOOL_CONVERSION = YES;
				CLANG_WARN_COMMA = YES;
				CLANG_WARN_CONSTANT_CONVERSION = YES;
				CLANG_WARN_DEPRECATED_OBJC_IMPLEMENTATIONS = YES;
				CLANG_WARN_DIRECT_OBJC_ISA_USAGE = YES_ERROR;
				CLANG_WARN_DOCUMENTATION_COMMENTS = YES;
				CLANG_WARN_EMPTY_BODY = YES;
				CLANG_WARN_ENUM_CONVERSION = YES;
				CLANG_WARN_INFINITE_RECURSION = YES;
				CLANG_WARN_INT_CONVERSION = YES;
				CLANG_WARN_NON_LITERAL_NULL_CONVERSION = YES;
				CLANG_WARN_OBJC_IMPLICIT_RETAIN_SELF = YES;
				CLANG_WARN_OBJC_LITERAL_CONVERSION = YES;
				CLANG_WARN_OBJC_ROOT_CLASS = YES_ERROR;
				CLANG_WARN_QUOTED_INCLUDE_IN_FRAMEWORK_HEADER = YES;
				CLANG_WARN_RANGE_LOOP_ANALYSIS = YES;
				CLANG_WARN_STRICT_PROTOTYPES = YES;
				CLANG_WARN_SUSPICIOUS_MOVE = YES;
				CLANG_WARN_UNGUARDED_AVAILABILITY = YES_AGGRESSIVE;
				CLANG_WARN_UNREACHABLE_CODE = YES;
				CLANG_WARN__DUPLICATE_METHOD_MATCH = YES;
				COPY_PHASE_STRIP = NO;
				DEBUG_INFORMATION_FORMAT = "dwarf-with-dsym";
				ENABLE_NS_ASSERTIONS = NO;
				ENABLE_STRICT_OBJC_MSGSEND = YES;
				GCC_C_LANGUAGE_STANDARD = gnu11;
				GCC_NO_COMMON_BLOCKS = YES;
				GCC_WARN_64_TO_32_BIT_CONVERSION = YES;
				GCC_WARN_ABOUT_RETURN_TYPE = YES_ERROR;
				GCC_WARN_UNDECLARED_SELECTOR = YES;
				GCC_WARN_UNINITIALIZED_AUTOS = YES_AGGRESSIVE;
				GCC_WARN_UNUSED_FUNCTION = YES;
				GCC_WARN_UNUSED_VARIABLE = YES;
				IPHONEOS_DEPLOYMENT_TARGET = 14.4;
				MTL_ENABLE_DEBUG_INFO = NO;
				MTL_FAST_MATH = YES;
				SDKROOT = iphoneos;
				SWIFT_COMPILATION_MODE = wholemodule;
				SWIFT_OPTIMIZATION_LEVEL = "-O";
				VALIDATE_PRODUCT = YES;
			};
			name = Release;
		};
		A5AD697225E025DB000B0627 /* Debug */ = {
			isa = XCBuildConfiguration;
			buildSettings = {
				ASSETCATALOG_COMPILER_APPICON_NAME = AppIcon;
				ASSETCATALOG_COMPILER_GLOBAL_ACCENT_COLOR_NAME = AccentColor;
				CODE_SIGN_ENTITLEMENTS = Resources/WaveformDemo.entitlements;
				CODE_SIGN_STYLE = Automatic;
				DEVELOPMENT_ASSET_PATHS = "\"Resources/Preview Content\"";
				DEVELOPMENT_TEAM = NU8A5Y875P;
				ENABLE_PREVIEWS = YES;
				INFOPLIST_FILE = Resources/Info.plist;
				IPHONEOS_DEPLOYMENT_TARGET = 14.0;
				LD_RUNPATH_SEARCH_PATHS = (
					"$(inherited)",
					"@executable_path/Frameworks",
				);
				PRODUCT_BUNDLE_IDENTIFIER = uk.pixlwave.WaveformDemo;
				PRODUCT_NAME = "$(TARGET_NAME)";
				SUPPORTS_MACCATALYST = YES;
				SWIFT_VERSION = 5.0;
				TARGETED_DEVICE_FAMILY = "1,2";
			};
			name = Debug;
		};
		A5AD697325E025DB000B0627 /* Release */ = {
			isa = XCBuildConfiguration;
			buildSettings = {
				ASSETCATALOG_COMPILER_APPICON_NAME = AppIcon;
				ASSETCATALOG_COMPILER_GLOBAL_ACCENT_COLOR_NAME = AccentColor;
				CODE_SIGN_ENTITLEMENTS = Resources/WaveformDemo.entitlements;
				CODE_SIGN_STYLE = Automatic;
				DEVELOPMENT_ASSET_PATHS = "\"Resources/Preview Content\"";
				DEVELOPMENT_TEAM = NU8A5Y875P;
				ENABLE_PREVIEWS = YES;
				INFOPLIST_FILE = Resources/Info.plist;
				IPHONEOS_DEPLOYMENT_TARGET = 14.0;
				LD_RUNPATH_SEARCH_PATHS = (
					"$(inherited)",
					"@executable_path/Frameworks",
				);
				PRODUCT_BUNDLE_IDENTIFIER = uk.pixlwave.WaveformDemo;
				PRODUCT_NAME = "$(TARGET_NAME)";
				SUPPORTS_MACCATALYST = YES;
				SWIFT_VERSION = 5.0;
				TARGETED_DEVICE_FAMILY = "1,2";
			};
			name = Release;
		};
/* End XCBuildConfiguration section */

/* Begin XCConfigurationList section */
		A5AD695D25E025DA000B0627 /* Build configuration list for PBXProject "WaveformDemo" */ = {
			isa = XCConfigurationList;
			buildConfigurations = (
				A5AD696F25E025DB000B0627 /* Debug */,
				A5AD697025E025DB000B0627 /* Release */,
			);
			defaultConfigurationIsVisible = 0;
			defaultConfigurationName = Release;
		};
		A5AD697125E025DB000B0627 /* Build configuration list for PBXNativeTarget "WaveformDemo" */ = {
			isa = XCConfigurationList;
			buildConfigurations = (
				A5AD697225E025DB000B0627 /* Debug */,
				A5AD697325E025DB000B0627 /* Release */,
			);
			defaultConfigurationIsVisible = 0;
			defaultConfigurationName = Release;
		};
/* End XCConfigurationList section */
	};
	rootObject = A5AD695A25E025DA000B0627 /* Project object */;
}
